
Microsoft Visual Studio Solution File, Format Version 12.00
# Visual Studio 2013
VisualStudioVersion = 12.0.30723.0
MinimumVisualStudioVersion = 10.0.40219.1
Project("{FAE04EC0-301F-11D3-BF4B-00C04F79EFBC}") = "Senti.Core", "D:\Projects\Senti\trunk\Senti.Core\Senti.Core.csproj", "{FC2AA55A-F0CA-423A-8F45-2F21FC6982CE}"
EndProject
Project("{FAE04EC0-301F-11D3-BF4B-00C04F79EFBC}") = "Senti.Data", "D:\Projects\Senti\trunk\Senti.Data\Senti.Data.csproj", "{FFA64EB3-3D17-4DC1-8B8F-1E4B884AC7E5}"
EndProject
Project("{FAE04EC0-301F-11D3-BF4B-00C04F79EFBC}") = "MobilePaywall.Core", "D:\Projects\MobilePaywall\trunk\MobilePaywall.Core\MobilePaywall.Core.csproj", "{4E086F05-DEDB-4399-8876-C988CB6CDDC8}"
EndProject
Project("{FAE04EC0-301F-11D3-BF4B-00C04F79EFBC}") = "MobilePaywall.Core.Sql", "D:\Projects\MobilePaywall\trunk\MobilePaywall.Core.Sql\MobilePaywall.Core.Sql.csproj", "{82A22140-E04D-46CD-BDD4-6B81C83AB9AF}"
EndProject
Project("{FAE04EC0-301F-11D3-BF4B-00C04F79EFBC}") = "MobilePaywall.AndroidHttpService", "MobilePaywall.AndroidHttpService\MobilePaywall.AndroidHttpService.csproj", "{D8B19515-C2A5-4CFC-A3FE-6172CCA69FDF}"
EndProject
Project("{FAE04EC0-301F-11D3-BF4B-00C04F79EFBC}") = "Trckd.Client", "..\..\..\Trckd.v1\trunk\Trckd.Client\Trckd.Client.csproj", "{5483D9F0-DA7A-44D4-9F14-53D91EFC3B1E}"
EndProject
Project("{FAE04EC0-301F-11D3-BF4B-00C04F79EFBC}") = "Trckd.Client.Web", "..\..\..\Trckd.v1\trunk\Trckd.Client.Web\Trckd.Client.Web.csproj", "{34DF3F61-1C89-46E8-8948-0AA562BC1619}"
EndProject
Project("{FAE04EC0-301F-11D3-BF4B-00C04F79EFBC}") = "Trckd.Message", "..\..\..\Trckd.v1\trunk\Trckd.Message\Trckd.Message.csproj", "{37E961AE-47DE-401B-8EDB-BF6712A6D7A6}"
EndProject
Global
	GlobalSection(SolutionConfigurationPlatforms) = preSolution
		Debug|Any CPU = Debug|Any CPU
		Debug|x64 = Debug|x64
		Live.Debug|Any CPU = Live.Debug|Any CPU
		Live.Debug|x64 = Live.Debug|x64
		Live.Release|Any CPU = Live.Release|Any CPU
		Live.Release|x64 = Live.Release|x64
		Local.Debug|Any CPU = Local.Debug|Any CPU
		Local.Debug|x64 = Local.Debug|x64
		Local.Release|Any CPU = Local.Release|Any CPU
		Local.Release|x64 = Local.Release|x64
		Local.Test|Any CPU = Local.Test|Any CPU
		Local.Test|x64 = Local.Test|x64
		Release|Any CPU = Release|Any CPU
		Release|x64 = Release|x64
		Stagging.Debug|Any CPU = Stagging.Debug|Any CPU
		Stagging.Debug|x64 = Stagging.Debug|x64
		Stagging.Release|Any CPU = Stagging.Release|Any CPU
		Stagging.Release|x64 = Stagging.Release|x64
		Test.Debug|Any CPU = Test.Debug|Any CPU
		Test.Debug|x64 = Test.Debug|x64
		Test.Release|Any CPU = Test.Release|Any CPU
		Test.Release|x64 = Test.Release|x64
	EndGlobalSection
	GlobalSection(ProjectConfigurationPlatforms) = postSolution
		{FC2AA55A-F0CA-423A-8F45-2F21FC6982CE}.Debug|Any CPU.ActiveCfg = Debug|Any CPU
		{FC2AA55A-F0CA-423A-8F45-2F21FC6982CE}.Debug|Any CPU.Build.0 = Debug|Any CPU
		{FC2AA55A-F0CA-423A-8F45-2F21FC6982CE}.Debug|x64.ActiveCfg = Debug|x64
		{FC2AA55A-F0CA-423A-8F45-2F21FC6982CE}.Debug|x64.Build.0 = Debug|x64
		{FC2AA55A-F0CA-423A-8F45-2F21FC6982CE}.Live.Debug|Any CPU.ActiveCfg = Live.Debug|Any CPU
		{FC2AA55A-F0CA-423A-8F45-2F21FC6982CE}.Live.Debug|Any CPU.Build.0 = Live.Debug|Any CPU
		{FC2AA55A-F0CA-423A-8F45-2F21FC6982CE}.Live.Debug|x64.ActiveCfg = Live.Debug|x64
		{FC2AA55A-F0CA-423A-8F45-2F21FC6982CE}.Live.Debug|x64.Build.0 = Live.Debug|x64
		{FC2AA55A-F0CA-423A-8F45-2F21FC6982CE}.Live.Release|Any CPU.ActiveCfg = Live.Release|Any CPU
		{FC2AA55A-F0CA-423A-8F45-2F21FC6982CE}.Live.Release|Any CPU.Build.0 = Live.Release|Any CPU
		{FC2AA55A-F0CA-423A-8F45-2F21FC6982CE}.Live.Release|x64.ActiveCfg = Live.Release|x64
		{FC2AA55A-F0CA-423A-8F45-2F21FC6982CE}.Live.Release|x64.Build.0 = Live.Release|x64
		{FC2AA55A-F0CA-423A-8F45-2F21FC6982CE}.Local.Debug|Any CPU.ActiveCfg = Local.Debug|Any CPU
		{FC2AA55A-F0CA-423A-8F45-2F21FC6982CE}.Local.Debug|Any CPU.Build.0 = Local.Debug|Any CPU
		{FC2AA55A-F0CA-423A-8F45-2F21FC6982CE}.Local.Debug|x64.ActiveCfg = Local.Debug|x64
		{FC2AA55A-F0CA-423A-8F45-2F21FC6982CE}.Local.Debug|x64.Build.0 = Local.Debug|x64
		{FC2AA55A-F0CA-423A-8F45-2F21FC6982CE}.Local.Release|Any CPU.ActiveCfg = Local.Release|Any CPU
		{FC2AA55A-F0CA-423A-8F45-2F21FC6982CE}.Local.Release|Any CPU.Build.0 = Local.Release|Any CPU
		{FC2AA55A-F0CA-423A-8F45-2F21FC6982CE}.Local.Release|x64.ActiveCfg = Local.Release|x64
		{FC2AA55A-F0CA-423A-8F45-2F21FC6982CE}.Local.Release|x64.Build.0 = Local.Release|x64
		{FC2AA55A-F0CA-423A-8F45-2F21FC6982CE}.Local.Test|Any CPU.ActiveCfg = Local.Test|Any CPU
		{FC2AA55A-F0CA-423A-8F45-2F21FC6982CE}.Local.Test|Any CPU.Build.0 = Local.Test|Any CPU
		{FC2AA55A-F0CA-423A-8F45-2F21FC6982CE}.Local.Test|x64.ActiveCfg = Local.Test|x64
		{FC2AA55A-F0CA-423A-8F45-2F21FC6982CE}.Local.Test|x64.Build.0 = Local.Test|x64
		{FC2AA55A-F0CA-423A-8F45-2F21FC6982CE}.Release|Any CPU.ActiveCfg = Release|Any CPU
		{FC2AA55A-F0CA-423A-8F45-2F21FC6982CE}.Release|Any CPU.Build.0 = Release|Any CPU
		{FC2AA55A-F0CA-423A-8F45-2F21FC6982CE}.Release|x64.ActiveCfg = Release|x64
		{FC2AA55A-F0CA-423A-8F45-2F21FC6982CE}.Release|x64.Build.0 = Release|x64
		{FC2AA55A-F0CA-423A-8F45-2F21FC6982CE}.Stagging.Debug|Any CPU.ActiveCfg = Stagging.Debug|Any CPU
		{FC2AA55A-F0CA-423A-8F45-2F21FC6982CE}.Stagging.Debug|Any CPU.Build.0 = Stagging.Debug|Any CPU
		{FC2AA55A-F0CA-423A-8F45-2F21FC6982CE}.Stagging.Debug|x64.ActiveCfg = Stagging.Debug|x64
		{FC2AA55A-F0CA-423A-8F45-2F21FC6982CE}.Stagging.Debug|x64.Build.0 = Stagging.Debug|x64
		{FC2AA55A-F0CA-423A-8F45-2F21FC6982CE}.Stagging.Release|Any CPU.ActiveCfg = Stagging.Release|Any CPU
		{FC2AA55A-F0CA-423A-8F45-2F21FC6982CE}.Stagging.Release|Any CPU.Build.0 = Stagging.Release|Any CPU
		{FC2AA55A-F0CA-423A-8F45-2F21FC6982CE}.Stagging.Release|x64.ActiveCfg = Stagging.Release|x64
		{FC2AA55A-F0CA-423A-8F45-2F21FC6982CE}.Stagging.Release|x64.Build.0 = Stagging.Release|x64
		{FC2AA55A-F0CA-423A-8F45-2F21FC6982CE}.Test.Debug|Any CPU.ActiveCfg = Test.Debug|Any CPU
		{FC2AA55A-F0CA-423A-8F45-2F21FC6982CE}.Test.Debug|Any CPU.Build.0 = Test.Debug|Any CPU
		{FC2AA55A-F0CA-423A-8F45-2F21FC6982CE}.Test.Debug|x64.ActiveCfg = Test.Debug|x64
		{FC2AA55A-F0CA-423A-8F45-2F21FC6982CE}.Test.Debug|x64.Build.0 = Test.Debug|x64
		{FC2AA55A-F0CA-423A-8F45-2F21FC6982CE}.Test.Release|Any CPU.ActiveCfg = Test.Release|Any CPU
		{FC2AA55A-F0CA-423A-8F45-2F21FC6982CE}.Test.Release|Any CPU.Build.0 = Test.Release|Any CPU
		{FC2AA55A-F0CA-423A-8F45-2F21FC6982CE}.Test.Release|x64.ActiveCfg = Test.Release|x64
		{FC2AA55A-F0CA-423A-8F45-2F21FC6982CE}.Test.Release|x64.Build.0 = Test.Release|x64
		{FFA64EB3-3D17-4DC1-8B8F-1E4B884AC7E5}.Debug|Any CPU.ActiveCfg = Debug|Any CPU
		{FFA64EB3-3D17-4DC1-8B8F-1E4B884AC7E5}.Debug|Any CPU.Build.0 = Debug|Any CPU
		{FFA64EB3-3D17-4DC1-8B8F-1E4B884AC7E5}.Debug|x64.ActiveCfg = Debug|x64
		{FFA64EB3-3D17-4DC1-8B8F-1E4B884AC7E5}.Debug|x64.Build.0 = Debug|x64
		{FFA64EB3-3D17-4DC1-8B8F-1E4B884AC7E5}.Live.Debug|Any CPU.ActiveCfg = Live.Debug|Any CPU
		{FFA64EB3-3D17-4DC1-8B8F-1E4B884AC7E5}.Live.Debug|Any CPU.Build.0 = Live.Debug|Any CPU
		{FFA64EB3-3D17-4DC1-8B8F-1E4B884AC7E5}.Live.Debug|x64.ActiveCfg = Live.Debug|x64
		{FFA64EB3-3D17-4DC1-8B8F-1E4B884AC7E5}.Live.Debug|x64.Build.0 = Live.Debug|x64
		{FFA64EB3-3D17-4DC1-8B8F-1E4B884AC7E5}.Live.Release|Any CPU.ActiveCfg = Live.Release|Any CPU
		{FFA64EB3-3D17-4DC1-8B8F-1E4B884AC7E5}.Live.Release|Any CPU.Build.0 = Live.Release|Any CPU
		{FFA64EB3-3D17-4DC1-8B8F-1E4B884AC7E5}.Live.Release|x64.ActiveCfg = Live.Release|x64
		{FFA64EB3-3D17-4DC1-8B8F-1E4B884AC7E5}.Live.Release|x64.Build.0 = Live.Release|x64
		{FFA64EB3-3D17-4DC1-8B8F-1E4B884AC7E5}.Local.Debug|Any CPU.ActiveCfg = Local.Debug|Any CPU
		{FFA64EB3-3D17-4DC1-8B8F-1E4B884AC7E5}.Local.Debug|Any CPU.Build.0 = Local.Debug|Any CPU
		{FFA64EB3-3D17-4DC1-8B8F-1E4B884AC7E5}.Local.Debug|x64.ActiveCfg = Local.Debug|x64
		{FFA64EB3-3D17-4DC1-8B8F-1E4B884AC7E5}.Local.Debug|x64.Build.0 = Local.Debug|x64
		{FFA64EB3-3D17-4DC1-8B8F-1E4B884AC7E5}.Local.Release|Any CPU.ActiveCfg = Local.Release|Any CPU
		{FFA64EB3-3D17-4DC1-8B8F-1E4B884AC7E5}.Local.Release|Any CPU.Build.0 = Local.Release|Any CPU
		{FFA64EB3-3D17-4DC1-8B8F-1E4B884AC7E5}.Local.Release|x64.ActiveCfg = Local.Release|x64
		{FFA64EB3-3D17-4DC1-8B8F-1E4B884AC7E5}.Local.Release|x64.Build.0 = Local.Release|x64
		{FFA64EB3-3D17-4DC1-8B8F-1E4B884AC7E5}.Local.Test|Any CPU.ActiveCfg = Local.Test|Any CPU
		{FFA64EB3-3D17-4DC1-8B8F-1E4B884AC7E5}.Local.Test|Any CPU.Build.0 = Local.Test|Any CPU
		{FFA64EB3-3D17-4DC1-8B8F-1E4B884AC7E5}.Local.Test|x64.ActiveCfg = Local.Test|x64
		{FFA64EB3-3D17-4DC1-8B8F-1E4B884AC7E5}.Local.Test|x64.Build.0 = Local.Test|x64
		{FFA64EB3-3D17-4DC1-8B8F-1E4B884AC7E5}.Release|Any CPU.ActiveCfg = Release|Any CPU
		{FFA64EB3-3D17-4DC1-8B8F-1E4B884AC7E5}.Release|Any CPU.Build.0 = Release|Any CPU
		{FFA64EB3-3D17-4DC1-8B8F-1E4B884AC7E5}.Release|x64.ActiveCfg = Release|x64
		{FFA64EB3-3D17-4DC1-8B8F-1E4B884AC7E5}.Release|x64.Build.0 = Release|x64
		{FFA64EB3-3D17-4DC1-8B8F-1E4B884AC7E5}.Stagging.Debug|Any CPU.ActiveCfg = Stagging.Debug|Any CPU
		{FFA64EB3-3D17-4DC1-8B8F-1E4B884AC7E5}.Stagging.Debug|Any CPU.Build.0 = Stagging.Debug|Any CPU
		{FFA64EB3-3D17-4DC1-8B8F-1E4B884AC7E5}.Stagging.Debug|x64.ActiveCfg = Stagging.Debug|x64
		{FFA64EB3-3D17-4DC1-8B8F-1E4B884AC7E5}.Stagging.Debug|x64.Build.0 = Stagging.Debug|x64
		{FFA64EB3-3D17-4DC1-8B8F-1E4B884AC7E5}.Stagging.Release|Any CPU.ActiveCfg = Stagging.Release|Any CPU
		{FFA64EB3-3D17-4DC1-8B8F-1E4B884AC7E5}.Stagging.Release|Any CPU.Build.0 = Stagging.Release|Any CPU
		{FFA64EB3-3D17-4DC1-8B8F-1E4B884AC7E5}.Stagging.Release|x64.ActiveCfg = Stagging.Release|x64
		{FFA64EB3-3D17-4DC1-8B8F-1E4B884AC7E5}.Stagging.Release|x64.Build.0 = Stagging.Release|x64
		{FFA64EB3-3D17-4DC1-8B8F-1E4B884AC7E5}.Test.Debug|Any CPU.ActiveCfg = Test.Debug|Any CPU
		{FFA64EB3-3D17-4DC1-8B8F-1E4B884AC7E5}.Test.Debug|Any CPU.Build.0 = Test.Debug|Any CPU
		{FFA64EB3-3D17-4DC1-8B8F-1E4B884AC7E5}.Test.Debug|x64.ActiveCfg = Test.Debug|x64
		{FFA64EB3-3D17-4DC1-8B8F-1E4B884AC7E5}.Test.Debug|x64.Build.0 = Test.Debug|x64
		{FFA64EB3-3D17-4DC1-8B8F-1E4B884AC7E5}.Test.Release|Any CPU.ActiveCfg = Test.Release|Any CPU
		{FFA64EB3-3D17-4DC1-8B8F-1E4B884AC7E5}.Test.Release|Any CPU.Build.0 = Test.Release|Any CPU
		{FFA64EB3-3D17-4DC1-8B8F-1E4B884AC7E5}.Test.Release|x64.ActiveCfg = Test.Release|x64
		{FFA64EB3-3D17-4DC1-8B8F-1E4B884AC7E5}.Test.Release|x64.Build.0 = Test.Release|x64
		{4E086F05-DEDB-4399-8876-C988CB6CDDC8}.Debug|Any CPU.ActiveCfg = Debug|Any CPU
		{4E086F05-DEDB-4399-8876-C988CB6CDDC8}.Debug|Any CPU.Build.0 = Debug|Any CPU
		{4E086F05-DEDB-4399-8876-C988CB6CDDC8}.Debug|x64.ActiveCfg = Debug|x64
		{4E086F05-DEDB-4399-8876-C988CB6CDDC8}.Debug|x64.Build.0 = Debug|x64
		{4E086F05-DEDB-4399-8876-C988CB6CDDC8}.Live.Debug|Any CPU.ActiveCfg = Live.Debug|Any CPU
		{4E086F05-DEDB-4399-8876-C988CB6CDDC8}.Live.Debug|Any CPU.Build.0 = Live.Debug|Any CPU
		{4E086F05-DEDB-4399-8876-C988CB6CDDC8}.Live.Debug|x64.ActiveCfg = Live.Debug|x64
		{4E086F05-DEDB-4399-8876-C988CB6CDDC8}.Live.Debug|x64.Build.0 = Live.Debug|x64
		{4E086F05-DEDB-4399-8876-C988CB6CDDC8}.Live.Release|Any CPU.ActiveCfg = Live.Release|Any CPU
		{4E086F05-DEDB-4399-8876-C988CB6CDDC8}.Live.Release|Any CPU.Build.0 = Live.Release|Any CPU
		{4E086F05-DEDB-4399-8876-C988CB6CDDC8}.Live.Release|x64.ActiveCfg = Live.Release|x64
		{4E086F05-DEDB-4399-8876-C988CB6CDDC8}.Live.Release|x64.Build.0 = Live.Release|x64
		{4E086F05-DEDB-4399-8876-C988CB6CDDC8}.Local.Debug|Any CPU.ActiveCfg = Debug|Any CPU
		{4E086F05-DEDB-4399-8876-C988CB6CDDC8}.Local.Debug|Any CPU.Build.0 = Debug|Any CPU
		{4E086F05-DEDB-4399-8876-C988CB6CDDC8}.Local.Debug|x64.ActiveCfg = Debug|x64
		{4E086F05-DEDB-4399-8876-C988CB6CDDC8}.Local.Debug|x64.Build.0 = Debug|x64
		{4E086F05-DEDB-4399-8876-C988CB6CDDC8}.Local.Release|Any CPU.ActiveCfg = Release|Any CPU
		{4E086F05-DEDB-4399-8876-C988CB6CDDC8}.Local.Release|Any CPU.Build.0 = Release|Any CPU
		{4E086F05-DEDB-4399-8876-C988CB6CDDC8}.Local.Release|x64.ActiveCfg = Release|x64
		{4E086F05-DEDB-4399-8876-C988CB6CDDC8}.Local.Release|x64.Build.0 = Release|x64
		{4E086F05-DEDB-4399-8876-C988CB6CDDC8}.Local.Test|Any CPU.ActiveCfg = Live.Release|Any CPU
		{4E086F05-DEDB-4399-8876-C988CB6CDDC8}.Local.Test|Any CPU.Build.0 = Live.Release|Any CPU
		{4E086F05-DEDB-4399-8876-C988CB6CDDC8}.Local.Test|x64.ActiveCfg = Live.Release|x64
		{4E086F05-DEDB-4399-8876-C988CB6CDDC8}.Local.Test|x64.Build.0 = Live.Release|x64
		{4E086F05-DEDB-4399-8876-C988CB6CDDC8}.Release|Any CPU.ActiveCfg = Release|Any CPU
		{4E086F05-DEDB-4399-8876-C988CB6CDDC8}.Release|Any CPU.Build.0 = Release|Any CPU
		{4E086F05-DEDB-4399-8876-C988CB6CDDC8}.Release|x64.ActiveCfg = Release|x64
		{4E086F05-DEDB-4399-8876-C988CB6CDDC8}.Release|x64.Build.0 = Release|x64
		{4E086F05-DEDB-4399-8876-C988CB6CDDC8}.Stagging.Debug|Any CPU.ActiveCfg = Debug|Any CPU
		{4E086F05-DEDB-4399-8876-C988CB6CDDC8}.Stagging.Debug|Any CPU.Build.0 = Debug|Any CPU
		{4E086F05-DEDB-4399-8876-C988CB6CDDC8}.Stagging.Debug|x64.ActiveCfg = Debug|x64
		{4E086F05-DEDB-4399-8876-C988CB6CDDC8}.Stagging.Debug|x64.Build.0 = Debug|x64
		{4E086F05-DEDB-4399-8876-C988CB6CDDC8}.Stagging.Release|Any CPU.ActiveCfg = Release|Any CPU
		{4E086F05-DEDB-4399-8876-C988CB6CDDC8}.Stagging.Release|Any CPU.Build.0 = Release|Any CPU
		{4E086F05-DEDB-4399-8876-C988CB6CDDC8}.Stagging.Release|x64.ActiveCfg = Release|x64
		{4E086F05-DEDB-4399-8876-C988CB6CDDC8}.Stagging.Release|x64.Build.0 = Release|x64
		{4E086F05-DEDB-4399-8876-C988CB6CDDC8}.Test.Debug|Any CPU.ActiveCfg = Test.Debug|Any CPU
		{4E086F05-DEDB-4399-8876-C988CB6CDDC8}.Test.Debug|Any CPU.Build.0 = Test.Debug|Any CPU
		{4E086F05-DEDB-4399-8876-C988CB6CDDC8}.Test.Debug|x64.ActiveCfg = Test.Debug|x64
		{4E086F05-DEDB-4399-8876-C988CB6CDDC8}.Test.Debug|x64.Build.0 = Test.Debug|x64
		{4E086F05-DEDB-4399-8876-C988CB6CDDC8}.Test.Release|Any CPU.ActiveCfg = Test.Release|Any CPU
		{4E086F05-DEDB-4399-8876-C988CB6CDDC8}.Test.Release|Any CPU.Build.0 = Test.Release|Any CPU
		{4E086F05-DEDB-4399-8876-C988CB6CDDC8}.Test.Release|x64.ActiveCfg = Test.Release|x64
		{4E086F05-DEDB-4399-8876-C988CB6CDDC8}.Test.Release|x64.Build.0 = Test.Release|x64
		{82A22140-E04D-46CD-BDD4-6B81C83AB9AF}.Debug|Any CPU.ActiveCfg = Debug|Any CPU
		{82A22140-E04D-46CD-BDD4-6B81C83AB9AF}.Debug|Any CPU.Build.0 = Debug|Any CPU
		{82A22140-E04D-46CD-BDD4-6B81C83AB9AF}.Debug|x64.ActiveCfg = Debug|x64
		{82A22140-E04D-46CD-BDD4-6B81C83AB9AF}.Debug|x64.Build.0 = Debug|x64
		{82A22140-E04D-46CD-BDD4-6B81C83AB9AF}.Live.Debug|Any CPU.ActiveCfg = Live.Debug|Any CPU
		{82A22140-E04D-46CD-BDD4-6B81C83AB9AF}.Live.Debug|Any CPU.Build.0 = Live.Debug|Any CPU
		{82A22140-E04D-46CD-BDD4-6B81C83AB9AF}.Live.Debug|x64.ActiveCfg = Live.Debug|x64
		{82A22140-E04D-46CD-BDD4-6B81C83AB9AF}.Live.Debug|x64.Build.0 = Live.Debug|x64
		{82A22140-E04D-46CD-BDD4-6B81C83AB9AF}.Live.Release|Any CPU.ActiveCfg = Live.Release|Any CPU
		{82A22140-E04D-46CD-BDD4-6B81C83AB9AF}.Live.Release|Any CPU.Build.0 = Live.Release|Any CPU
		{82A22140-E04D-46CD-BDD4-6B81C83AB9AF}.Live.Release|x64.ActiveCfg = Live.Release|x64
		{82A22140-E04D-46CD-BDD4-6B81C83AB9AF}.Live.Release|x64.Build.0 = Live.Release|x64
		{82A22140-E04D-46CD-BDD4-6B81C83AB9AF}.Local.Debug|Any CPU.ActiveCfg = Debug|Any CPU
		{82A22140-E04D-46CD-BDD4-6B81C83AB9AF}.Local.Debug|Any CPU.Build.0 = Debug|Any CPU
		{82A22140-E04D-46CD-BDD4-6B81C83AB9AF}.Local.Debug|x64.ActiveCfg = Debug|x64
		{82A22140-E04D-46CD-BDD4-6B81C83AB9AF}.Local.Debug|x64.Build.0 = Debug|x64
		{82A22140-E04D-46CD-BDD4-6B81C83AB9AF}.Local.Release|Any CPU.ActiveCfg = Release|Any CPU
		{82A22140-E04D-46CD-BDD4-6B81C83AB9AF}.Local.Release|Any CPU.Build.0 = Release|Any CPU
		{82A22140-E04D-46CD-BDD4-6B81C83AB9AF}.Local.Release|x64.ActiveCfg = Release|x64
		{82A22140-E04D-46CD-BDD4-6B81C83AB9AF}.Local.Release|x64.Build.0 = Release|x64
		{82A22140-E04D-46CD-BDD4-6B81C83AB9AF}.Local.Test|Any CPU.ActiveCfg = Live.Release|Any CPU
		{82A22140-E04D-46CD-BDD4-6B81C83AB9AF}.Local.Test|Any CPU.Build.0 = Live.Release|Any CPU
		{82A22140-E04D-46CD-BDD4-6B81C83AB9AF}.Local.Test|x64.ActiveCfg = Live.Release|x64
		{82A22140-E04D-46CD-BDD4-6B81C83AB9AF}.Local.Test|x64.Build.0 = Live.Release|x64
		{82A22140-E04D-46CD-BDD4-6B81C83AB9AF}.Release|Any CPU.ActiveCfg = Release|Any CPU
		{82A22140-E04D-46CD-BDD4-6B81C83AB9AF}.Release|Any CPU.Build.0 = Release|Any CPU
		{82A22140-E04D-46CD-BDD4-6B81C83AB9AF}.Release|x64.ActiveCfg = Release|x64
		{82A22140-E04D-46CD-BDD4-6B81C83AB9AF}.Release|x64.Build.0 = Release|x64
		{82A22140-E04D-46CD-BDD4-6B81C83AB9AF}.Stagging.Debug|Any CPU.ActiveCfg = Debug|Any CPU
		{82A22140-E04D-46CD-BDD4-6B81C83AB9AF}.Stagging.Debug|Any CPU.Build.0 = Debug|Any CPU
		{82A22140-E04D-46CD-BDD4-6B81C83AB9AF}.Stagging.Debug|x64.ActiveCfg = Debug|x64
		{82A22140-E04D-46CD-BDD4-6B81C83AB9AF}.Stagging.Debug|x64.Build.0 = Debug|x64
		{82A22140-E04D-46CD-BDD4-6B81C83AB9AF}.Stagging.Release|Any CPU.ActiveCfg = Release|Any CPU
		{82A22140-E04D-46CD-BDD4-6B81C83AB9AF}.Stagging.Release|Any CPU.Build.0 = Release|Any CPU
		{82A22140-E04D-46CD-BDD4-6B81C83AB9AF}.Stagging.Release|x64.ActiveCfg = Release|x64
		{82A22140-E04D-46CD-BDD4-6B81C83AB9AF}.Stagging.Release|x64.Build.0 = Release|x64
		{82A22140-E04D-46CD-BDD4-6B81C83AB9AF}.Test.Debug|Any CPU.ActiveCfg = Test.Debug|Any CPU
		{82A22140-E04D-46CD-BDD4-6B81C83AB9AF}.Test.Debug|Any CPU.Build.0 = Test.Debug|Any CPU
		{82A22140-E04D-46CD-BDD4-6B81C83AB9AF}.Test.Debug|x64.ActiveCfg = Test.Debug|x64
		{82A22140-E04D-46CD-BDD4-6B81C83AB9AF}.Test.Debug|x64.Build.0 = Test.Debug|x64
		{82A22140-E04D-46CD-BDD4-6B81C83AB9AF}.Test.Release|Any CPU.ActiveCfg = Test.Release|Any CPU
		{82A22140-E04D-46CD-BDD4-6B81C83AB9AF}.Test.Release|Any CPU.Build.0 = Test.Release|Any CPU
		{82A22140-E04D-46CD-BDD4-6B81C83AB9AF}.Test.Release|x64.ActiveCfg = Test.Release|x64
		{82A22140-E04D-46CD-BDD4-6B81C83AB9AF}.Test.Release|x64.Build.0 = Test.Release|x64
		{D8B19515-C2A5-4CFC-A3FE-6172CCA69FDF}.Debug|Any CPU.ActiveCfg = Debug|Any CPU
		{D8B19515-C2A5-4CFC-A3FE-6172CCA69FDF}.Debug|Any CPU.Build.0 = Debug|Any CPU
		{D8B19515-C2A5-4CFC-A3FE-6172CCA69FDF}.Debug|x64.ActiveCfg = Debug|Any CPU
		{D8B19515-C2A5-4CFC-A3FE-6172CCA69FDF}.Live.Debug|Any CPU.ActiveCfg = Debug|Any CPU
		{D8B19515-C2A5-4CFC-A3FE-6172CCA69FDF}.Live.Debug|Any CPU.Build.0 = Debug|Any CPU
		{D8B19515-C2A5-4CFC-A3FE-6172CCA69FDF}.Live.Debug|x64.ActiveCfg = Debug|Any CPU
		{D8B19515-C2A5-4CFC-A3FE-6172CCA69FDF}.Live.Release|Any CPU.ActiveCfg = Release|Any CPU
		{D8B19515-C2A5-4CFC-A3FE-6172CCA69FDF}.Live.Release|Any CPU.Build.0 = Release|Any CPU
		{D8B19515-C2A5-4CFC-A3FE-6172CCA69FDF}.Live.Release|x64.ActiveCfg = Release|Any CPU
		{D8B19515-C2A5-4CFC-A3FE-6172CCA69FDF}.Local.Debug|Any CPU.ActiveCfg = Debug|Any CPU
		{D8B19515-C2A5-4CFC-A3FE-6172CCA69FDF}.Local.Debug|Any CPU.Build.0 = Debug|Any CPU
		{D8B19515-C2A5-4CFC-A3FE-6172CCA69FDF}.Local.Debug|x64.ActiveCfg = Debug|Any CPU
		{D8B19515-C2A5-4CFC-A3FE-6172CCA69FDF}.Local.Release|Any CPU.ActiveCfg = Release|Any CPU
		{D8B19515-C2A5-4CFC-A3FE-6172CCA69FDF}.Local.Release|Any CPU.Build.0 = Release|Any CPU
		{D8B19515-C2A5-4CFC-A3FE-6172CCA69FDF}.Local.Release|x64.ActiveCfg = Release|Any CPU
		{D8B19515-C2A5-4CFC-A3FE-6172CCA69FDF}.Local.Test|Any CPU.ActiveCfg = Release|Any CPU
		{D8B19515-C2A5-4CFC-A3FE-6172CCA69FDF}.Local.Test|Any CPU.Build.0 = Release|Any CPU
		{D8B19515-C2A5-4CFC-A3FE-6172CCA69FDF}.Local.Test|x64.ActiveCfg = Release|Any CPU
		{D8B19515-C2A5-4CFC-A3FE-6172CCA69FDF}.Release|Any CPU.ActiveCfg = Release|Any CPU
		{D8B19515-C2A5-4CFC-A3FE-6172CCA69FDF}.Release|Any CPU.Build.0 = Release|Any CPU
		{D8B19515-C2A5-4CFC-A3FE-6172CCA69FDF}.Release|x64.ActiveCfg = Release|Any CPU
		{D8B19515-C2A5-4CFC-A3FE-6172CCA69FDF}.Stagging.Debug|Any CPU.ActiveCfg = Debug|Any CPU
		{D8B19515-C2A5-4CFC-A3FE-6172CCA69FDF}.Stagging.Debug|Any CPU.Build.0 = Debug|Any CPU
		{D8B19515-C2A5-4CFC-A3FE-6172CCA69FDF}.Stagging.Debug|x64.ActiveCfg = Debug|Any CPU
		{D8B19515-C2A5-4CFC-A3FE-6172CCA69FDF}.Stagging.Release|Any CPU.ActiveCfg = Release|Any CPU
		{D8B19515-C2A5-4CFC-A3FE-6172CCA69FDF}.Stagging.Release|Any CPU.Build.0 = Release|Any CPU
		{D8B19515-C2A5-4CFC-A3FE-6172CCA69FDF}.Stagging.Release|x64.ActiveCfg = Release|Any CPU
		{D8B19515-C2A5-4CFC-A3FE-6172CCA69FDF}.Test.Debug|Any CPU.ActiveCfg = Debug|Any CPU
		{D8B19515-C2A5-4CFC-A3FE-6172CCA69FDF}.Test.Debug|Any CPU.Build.0 = Debug|Any CPU
		{D8B19515-C2A5-4CFC-A3FE-6172CCA69FDF}.Test.Debug|x64.ActiveCfg = Debug|Any CPU
		{D8B19515-C2A5-4CFC-A3FE-6172CCA69FDF}.Test.Release|Any CPU.ActiveCfg = Release|Any CPU
		{D8B19515-C2A5-4CFC-A3FE-6172CCA69FDF}.Test.Release|Any CPU.Build.0 = Release|Any CPU
		{D8B19515-C2A5-4CFC-A3FE-6172CCA69FDF}.Test.Release|x64.ActiveCfg = Release|Any CPU
		{5483D9F0-DA7A-44D4-9F14-53D91EFC3B1E}.Debug|Any CPU.ActiveCfg = Debug|Any CPU
		{5483D9F0-DA7A-44D4-9F14-53D91EFC3B1E}.Debug|Any CPU.Build.0 = Debug|Any CPU
		{5483D9F0-DA7A-44D4-9F14-53D91EFC3B1E}.Debug|x64.ActiveCfg = Debug|x64
		{5483D9F0-DA7A-44D4-9F14-53D91EFC3B1E}.Debug|x64.Build.0 = Debug|x64
		{5483D9F0-DA7A-44D4-9F14-53D91EFC3B1E}.Live.Debug|Any CPU.ActiveCfg = Live.Debug|Any CPU
		{5483D9F0-DA7A-44D4-9F14-53D91EFC3B1E}.Live.Debug|Any CPU.Build.0 = Live.Debug|Any CPU
		{5483D9F0-DA7A-44D4-9F14-53D91EFC3B1E}.Live.Debug|x64.ActiveCfg = Live.Debug|x64
		{5483D9F0-DA7A-44D4-9F14-53D91EFC3B1E}.Live.Debug|x64.Build.0 = Live.Debug|x64
		{5483D9F0-DA7A-44D4-9F14-53D91EFC3B1E}.Live.Release|Any CPU.ActiveCfg = Live.Release|Any CPU
		{5483D9F0-DA7A-44D4-9F14-53D91EFC3B1E}.Live.Release|Any CPU.Build.0 = Live.Release|Any CPU
		{5483D9F0-DA7A-44D4-9F14-53D91EFC3B1E}.Live.Release|x64.ActiveCfg = Live.Release|x64
		{5483D9F0-DA7A-44D4-9F14-53D91EFC3B1E}.Live.Release|x64.Build.0 = Live.Release|x64
		{5483D9F0-DA7A-44D4-9F14-53D91EFC3B1E}.Local.Debug|Any CPU.ActiveCfg = Local.Debug|Any CPU
		{5483D9F0-DA7A-44D4-9F14-53D91EFC3B1E}.Local.Debug|Any CPU.Build.0 = Local.Debug|Any CPU
		{5483D9F0-DA7A-44D4-9F14-53D91EFC3B1E}.Local.Debug|x64.ActiveCfg = Local.Debug|x64
		{5483D9F0-DA7A-44D4-9F14-53D91EFC3B1E}.Local.Debug|x64.Build.0 = Local.Debug|x64
		{5483D9F0-DA7A-44D4-9F14-53D91EFC3B1E}.Local.Release|Any CPU.ActiveCfg = Local.Release|Any CPU
		{5483D9F0-DA7A-44D4-9F14-53D91EFC3B1E}.Local.Release|Any CPU.Build.0 = Local.Release|Any CPU
		{5483D9F0-DA7A-44D4-9F14-53D91EFC3B1E}.Local.Release|x64.ActiveCfg = Local.Release|x64
		{5483D9F0-DA7A-44D4-9F14-53D91EFC3B1E}.Local.Release|x64.Build.0 = Local.Release|x64
		{5483D9F0-DA7A-44D4-9F14-53D91EFC3B1E}.Local.Test|Any CPU.ActiveCfg = Local.Release|Any CPU
		{5483D9F0-DA7A-44D4-9F14-53D91EFC3B1E}.Local.Test|Any CPU.Build.0 = Local.Release|Any CPU
		{5483D9F0-DA7A-44D4-9F14-53D91EFC3B1E}.Local.Test|x64.ActiveCfg = Local.Release|x64
		{5483D9F0-DA7A-44D4-9F14-53D91EFC3B1E}.Local.Test|x64.Build.0 = Local.Release|x64
		{5483D9F0-DA7A-44D4-9F14-53D91EFC3B1E}.Release|Any CPU.ActiveCfg = Release|Any CPU
		{5483D9F0-DA7A-44D4-9F14-53D91EFC3B1E}.Release|Any CPU.Build.0 = Release|Any CPU
		{5483D9F0-DA7A-44D4-9F14-53D91EFC3B1E}.Release|x64.ActiveCfg = Release|x64
		{5483D9F0-DA7A-44D4-9F14-53D91EFC3B1E}.Release|x64.Build.0 = Release|x64
		{5483D9F0-DA7A-44D4-9F14-53D91EFC3B1E}.Stagging.Debug|Any CPU.ActiveCfg = Stagging.Debug|Any CPU
		{5483D9F0-DA7A-44D4-9F14-53D91EFC3B1E}.Stagging.Debug|Any CPU.Build.0 = Stagging.Debug|Any CPU
		{5483D9F0-DA7A-44D4-9F14-53D91EFC3B1E}.Stagging.Debug|x64.ActiveCfg = Stagging.Debug|x64
		{5483D9F0-DA7A-44D4-9F14-53D91EFC3B1E}.Stagging.Debug|x64.Build.0 = Stagging.Debug|x64
		{5483D9F0-DA7A-44D4-9F14-53D91EFC3B1E}.Stagging.Release|Any CPU.ActiveCfg = Stagging.Release|Any CPU
		{5483D9F0-DA7A-44D4-9F14-53D91EFC3B1E}.Stagging.Release|Any CPU.Build.0 = Stagging.Release|Any CPU
		{5483D9F0-DA7A-44D4-9F14-53D91EFC3B1E}.Stagging.Release|x64.ActiveCfg = Stagging.Release|x64
		{5483D9F0-DA7A-44D4-9F14-53D91EFC3B1E}.Stagging.Release|x64.Build.0 = Stagging.Release|x64
		{5483D9F0-DA7A-44D4-9F14-53D91EFC3B1E}.Test.Debug|Any CPU.ActiveCfg = Test.Debug|Any CPU
		{5483D9F0-DA7A-44D4-9F14-53D91EFC3B1E}.Test.Debug|Any CPU.Build.0 = Test.Debug|Any CPU
		{5483D9F0-DA7A-44D4-9F14-53D91EFC3B1E}.Test.Debug|x64.ActiveCfg = Test.Debug|x64
		{5483D9F0-DA7A-44D4-9F14-53D91EFC3B1E}.Test.Debug|x64.Build.0 = Test.Debug|x64
		{5483D9F0-DA7A-44D4-9F14-53D91EFC3B1E}.Test.Release|Any CPU.ActiveCfg = Test.Release|Any CPU
		{5483D9F0-DA7A-44D4-9F14-53D91EFC3B1E}.Test.Release|Any CPU.Build.0 = Test.Release|Any CPU
		{5483D9F0-DA7A-44D4-9F14-53D91EFC3B1E}.Test.Release|x64.ActiveCfg = Test.Release|x64
		{5483D9F0-DA7A-44D4-9F14-53D91EFC3B1E}.Test.Release|x64.Build.0 = Test.Release|x64
		{34DF3F61-1C89-46E8-8948-0AA562BC1619}.Debug|Any CPU.ActiveCfg = Debug|Any CPU
		{34DF3F61-1C89-46E8-8948-0AA562BC1619}.Debug|Any CPU.Build.0 = Debug|Any CPU
		{34DF3F61-1C89-46E8-8948-0AA562BC1619}.Debug|x64.ActiveCfg = Debug|x64
		{34DF3F61-1C89-46E8-8948-0AA562BC1619}.Debug|x64.Build.0 = Debug|x64
		{34DF3F61-1C89-46E8-8948-0AA562BC1619}.Live.Debug|Any CPU.ActiveCfg = Live.Debug|Any CPU
		{34DF3F61-1C89-46E8-8948-0AA562BC1619}.Live.Debug|Any CPU.Build.0 = Live.Debug|Any CPU
		{34DF3F61-1C89-46E8-8948-0AA562BC1619}.Live.Debug|x64.ActiveCfg = Live.Debug|x64
		{34DF3F61-1C89-46E8-8948-0AA562BC1619}.Live.Debug|x64.Build.0 = Live.Debug|x64
		{34DF3F61-1C89-46E8-8948-0AA562BC1619}.Live.Release|Any CPU.ActiveCfg = Live.Release|Any CPU
		{34DF3F61-1C89-46E8-8948-0AA562BC1619}.Live.Release|Any CPU.Build.0 = Live.Release|Any CPU
		{34DF3F61-1C89-46E8-8948-0AA562BC1619}.Live.Release|x64.ActiveCfg = Live.Release|x64
		{34DF3F61-1C89-46E8-8948-0AA562BC1619}.Live.Release|x64.Build.0 = Live.Release|x64
		{34DF3F61-1C89-46E8-8948-0AA562BC1619}.Local.Debug|Any CPU.ActiveCfg = Local.Debug|Any CPU
		{34DF3F61-1C89-46E8-8948-0AA562BC1619}.Local.Debug|Any CPU.Build.0 = Local.Debug|Any CPU
		{34DF3F61-1C89-46E8-8948-0AA562BC1619}.Local.Debug|x64.ActiveCfg = Local.Debug|x64
		{34DF3F61-1C89-46E8-8948-0AA562BC1619}.Local.Debug|x64.Build.0 = Local.Debug|x64
		{34DF3F61-1C89-46E8-8948-0AA562BC1619}.Local.Release|Any CPU.ActiveCfg = Local.Release|Any CPU
		{34DF3F61-1C89-46E8-8948-0AA562BC1619}.Local.Release|Any CPU.Build.0 = Local.Release|Any CPU
		{34DF3F61-1C89-46E8-8948-0AA562BC1619}.Local.Release|x64.ActiveCfg = Local.Release|x64
		{34DF3F61-1C89-46E8-8948-0AA562BC1619}.Local.Release|x64.Build.0 = Local.Release|x64
		{34DF3F61-1C89-46E8-8948-0AA562BC1619}.Local.Test|Any CPU.ActiveCfg = Local.Release|Any CPU
		{34DF3F61-1C89-46E8-8948-0AA562BC1619}.Local.Test|Any CPU.Build.0 = Local.Release|Any CPU
		{34DF3F61-1C89-46E8-8948-0AA562BC1619}.Local.Test|x64.ActiveCfg = Local.Release|x64
		{34DF3F61-1C89-46E8-8948-0AA562BC1619}.Local.Test|x64.Build.0 = Local.Release|x64
		{34DF3F61-1C89-46E8-8948-0AA562BC1619}.Release|Any CPU.ActiveCfg = Release|Any CPU
		{34DF3F61-1C89-46E8-8948-0AA562BC1619}.Release|Any CPU.Build.0 = Release|Any CPU
		{34DF3F61-1C89-46E8-8948-0AA562BC1619}.Release|x64.ActiveCfg = Release|x64
		{34DF3F61-1C89-46E8-8948-0AA562BC1619}.Release|x64.Build.0 = Release|x64
		{34DF3F61-1C89-46E8-8948-0AA562BC1619}.Stagging.Debug|Any CPU.ActiveCfg = Stagging.Debug|Any CPU
		{34DF3F61-1C89-46E8-8948-0AA562BC1619}.Stagging.Debug|Any CPU.Build.0 = Stagging.Debug|Any CPU
		{34DF3F61-1C89-46E8-8948-0AA562BC1619}.Stagging.Debug|x64.ActiveCfg = Stagging.Debug|x64
		{34DF3F61-1C89-46E8-8948-0AA562BC1619}.Stagging.Debug|x64.Build.0 = Stagging.Debug|x64
		{34DF3F61-1C89-46E8-8948-0AA562BC1619}.Stagging.Release|Any CPU.ActiveCfg = Stagging.Release|Any CPU
		{34DF3F61-1C89-46E8-8948-0AA562BC1619}.Stagging.Release|Any CPU.Build.0 = Stagging.Release|Any CPU
		{34DF3F61-1C89-46E8-8948-0AA562BC1619}.Stagging.Release|x64.ActiveCfg = Stagging.Release|x64
		{34DF3F61-1C89-46E8-8948-0AA562BC1619}.Stagging.Release|x64.Build.0 = Stagging.Release|x64
		{34DF3F61-1C89-46E8-8948-0AA562BC1619}.Test.Debug|Any CPU.ActiveCfg = Test.Debug|Any CPU
		{34DF3F61-1C89-46E8-8948-0AA562BC1619}.Test.Debug|Any CPU.Build.0 = Test.Debug|Any CPU
		{34DF3F61-1C89-46E8-8948-0AA562BC1619}.Test.Debug|x64.ActiveCfg = Test.Debug|x64
		{34DF3F61-1C89-46E8-8948-0AA562BC1619}.Test.Debug|x64.Build.0 = Test.Debug|x64
		{34DF3F61-1C89-46E8-8948-0AA562BC1619}.Test.Release|Any CPU.ActiveCfg = Test.Release|Any CPU
		{34DF3F61-1C89-46E8-8948-0AA562BC1619}.Test.Release|Any CPU.Build.0 = Test.Release|Any CPU
		{34DF3F61-1C89-46E8-8948-0AA562BC1619}.Test.Release|x64.ActiveCfg = Test.Release|x64
		{34DF3F61-1C89-46E8-8948-0AA562BC1619}.Test.Release|x64.Build.0 = Test.Release|x64
		{37E961AE-47DE-401B-8EDB-BF6712A6D7A6}.Debug|Any CPU.ActiveCfg = Debug|Any CPU
		{37E961AE-47DE-401B-8EDB-BF6712A6D7A6}.Debug|Any CPU.Build.0 = Debug|Any CPU
		{37E961AE-47DE-401B-8EDB-BF6712A6D7A6}.Debug|x64.ActiveCfg = Debug|x64
		{37E961AE-47DE-401B-8EDB-BF6712A6D7A6}.Debug|x64.Build.0 = Debug|x64
		{37E961AE-47DE-401B-8EDB-BF6712A6D7A6}.Live.Debug|Any CPU.ActiveCfg = Live.Debug|Any CPU
		{37E961AE-47DE-401B-8EDB-BF6712A6D7A6}.Live.Debug|Any CPU.Build.0 = Live.Debug|Any CPU
		{37E961AE-47DE-401B-8EDB-BF6712A6D7A6}.Live.Debug|x64.ActiveCfg = Live.Debug|x64
		{37E961AE-47DE-401B-8EDB-BF6712A6D7A6}.Live.Debug|x64.Build.0 = Live.Debug|x64
		{37E961AE-47DE-401B-8EDB-BF6712A6D7A6}.Live.Release|Any CPU.ActiveCfg = Live.Release|Any CPU
		{37E961AE-47DE-401B-8EDB-BF6712A6D7A6}.Live.Release|Any CPU.Build.0 = Live.Release|Any CPU
		{37E961AE-47DE-401B-8EDB-BF6712A6D7A6}.Live.Release|x64.ActiveCfg = Live.Release|x64
		{37E961AE-47DE-401B-8EDB-BF6712A6D7A6}.Live.Release|x64.Build.0 = Live.Release|x64
		{37E961AE-47DE-401B-8EDB-BF6712A6D7A6}.Local.Debug|Any CPU.ActiveCfg = Local.Debug|Any CPU
		{37E961AE-47DE-401B-8EDB-BF6712A6D7A6}.Local.Debug|Any CPU.Build.0 = Local.Debug|Any CPU
		{37E961AE-47DE-401B-8EDB-BF6712A6D7A6}.Local.Debug|x64.ActiveCfg = Local.Debug|x64
		{37E961AE-47DE-401B-8EDB-BF6712A6D7A6}.Local.Debug|x64.Build.0 = Local.Debug|x64
		{37E961AE-47DE-401B-8EDB-BF6712A6D7A6}.Local.Release|Any CPU.ActiveCfg = Local.Release|Any CPU
		{37E961AE-47DE-401B-8EDB-BF6712A6D7A6}.Local.Release|Any CPU.Build.0 = Local.Release|Any CPU
		{37E961AE-47DE-401B-8EDB-BF6712A6D7A6}.Local.Release|x64.ActiveCfg = Local.Release|x64
		{37E961AE-47DE-401B-8EDB-BF6712A6D7A6}.Local.Release|x64.Build.0 = Local.Release|x64
		{37E961AE-47DE-401B-8EDB-BF6712A6D7A6}.Local.Test|Any CPU.ActiveCfg = Local.Release|Any CPU
		{37E961AE-47DE-401B-8EDB-BF6712A6D7A6}.Local.Test|Any CPU.Build.0 = Local.Release|Any CPU
		{37E961AE-47DE-401B-8EDB-BF6712A6D7A6}.Local.Test|x64.ActiveCfg = Local.Release|x64
		{37E961AE-47DE-401B-8EDB-BF6712A6D7A6}.Local.Test|x64.Build.0 = Local.Release|x64
		{37E961AE-47DE-401B-8EDB-BF6712A6D7A6}.Release|Any CPU.ActiveCfg = Release|Any CPU
		{37E961AE-47DE-401B-8EDB-BF6712A6D7A6}.Release|Any CPU.Build.0 = Release|Any CPU
		{37E961AE-47DE-401B-8EDB-BF6712A6D7A6}.Release|x64.ActiveCfg = Release|x64
		{37E961AE-47DE-401B-8EDB-BF6712A6D7A6}.Release|x64.Build.0 = Release|x64
		{37E961AE-47DE-401B-8EDB-BF6712A6D7A6}.Stagging.Debug|Any CPU.ActiveCfg = Stagging.Debug|Any CPU
		{37E961AE-47DE-401B-8EDB-BF6712A6D7A6}.Stagging.Debug|Any CPU.Build.0 = Stagging.Debug|Any CPU
		{37E961AE-47DE-401B-8EDB-BF6712A6D7A6}.Stagging.Debug|x64.ActiveCfg = Stagging.Debug|x64
		{37E961AE-47DE-401B-8EDB-BF6712A6D7A6}.Stagging.Debug|x64.Build.0 = Stagging.Debug|x64
		{37E961AE-47DE-401B-8EDB-BF6712A6D7A6}.Stagging.Release|Any CPU.ActiveCfg = Stagging.Release|Any CPU
		{37E961AE-47DE-401B-8EDB-BF6712A6D7A6}.Stagging.Release|Any CPU.Build.0 = Stagging.Release|Any CPU
		{37E961AE-47DE-401B-8EDB-BF6712A6D7A6}.Stagging.Release|x64.ActiveCfg = Stagging.Release|x64
		{37E961AE-47DE-401B-8EDB-BF6712A6D7A6}.Stagging.Release|x64.Build.0 = Stagging.Release|x64
		{37E961AE-47DE-401B-8EDB-BF6712A6D7A6}.Test.Debug|Any CPU.ActiveCfg = Test.Debug|Any CPU
		{37E961AE-47DE-401B-8EDB-BF6712A6D7A6}.Test.Debug|Any CPU.Build.0 = Test.Debug|Any CPU
		{37E961AE-47DE-401B-8EDB-BF6712A6D7A6}.Test.Debug|x64.ActiveCfg = Test.Debug|x64
		{37E961AE-47DE-401B-8EDB-BF6712A6D7A6}.Test.Debug|x64.Build.0 = Test.Debug|x64
		{37E961AE-47DE-401B-8EDB-BF6712A6D7A6}.Test.Release|Any CPU.ActiveCfg = Test.Release|Any CPU
		{37E961AE-47DE-401B-8EDB-BF6712A6D7A6}.Test.Release|Any CPU.Build.0 = Test.Release|Any CPU
		{37E961AE-47DE-401B-8EDB-BF6712A6D7A6}.Test.Release|x64.ActiveCfg = Test.Release|x64
		{37E961AE-47DE-401B-8EDB-BF6712A6D7A6}.Test.Release|x64.Build.0 = Test.Release|x64
	EndGlobalSection
	GlobalSection(SolutionProperties) = preSolution
		HideSolutionNode = FALSE
	EndGlobalSection
EndGlobal
